
Microsoft Visual Studio Solution File, Format Version 12.00
# Visual Studio Version 17
VisualStudioVersion = 17.5.33516.290
MinimumVisualStudioVersion = 10.0.40219.1
Project("{FAE04EC0-301F-11D3-BF4B-00C04F79EFBC}") = "ConnectToMongo", "ConnectToMongo\ConnectToMongo.csproj", "{D4E6E0C4-84C6-42CC-8224-A7A35724ADBB}"
EndProject
Global
	GlobalSection(SolutionConfigurationPlatforms) = preSolution
		Debug|Any CPU = Debug|Any CPU
		Release|Any CPU = Release|Any CPU
	EndGlobalSection
	GlobalSection(ProjectConfigurationPlatforms) = postSolution
		{D4E6E0C4-84C6-42CC-8224-A7A35724ADBB}.Debug|Any CPU.ActiveCfg = Debug|Any CPU
		{D4E6E0C4-84C6-42CC-8224-A7A35724ADBB}.Debug|Any CPU.Build.0 = Debug|Any CPU
		{D4E6E0C4-84C6-42CC-8224-A7A35724ADBB}.Release|Any CPU.ActiveCfg = Release|Any CPU
		{D4E6E0C4-84C6-42CC-8224-A7A35724ADBB}.Release|Any CPU.Build.0 = Release|Any CPU
	EndGlobalSection
	GlobalSection(SolutionProperties) = preSolution
		HideSolutionNode = FALSE
	EndGlobalSection
	GlobalSection(ExtensibilityGlobals) = postSolution
		SolutionGuid = {CDB70109-4F15-4152-930F-4804EA672BD7}
	EndGlobalSection
EndGlobal
